
Microsoft Visual Studio Solution File, Format Version 12.00
# Visual Studio Version 17
VisualStudioVersion = 17.0.32014.148
MinimumVisualStudioVersion = 10.0.40219.1
Project("{9A19103F-16F7-4668-BE54-9A1E7A4F7556}") = "Berger.Extensions.Resolver", "Berger.Extensions.Resolver\Berger.Extensions.Resolver.csproj", "{6BE04933-50B2-4AC6-968E-4C3155FA9CE6}"
EndProject
Project("{2150E333-8FDC-42A3-9474-1A3956D46DE8}") = "Source", "Source", "{607D63D1-CC05-4C72-A37B-66713C53FF93}"
EndProject
Project("{2150E333-8FDC-42A3-9474-1A3956D46DE8}") = "Build", "Build", "{5E356942-0927-45FF-A97B-12BC2024E26B}"
	ProjectSection(SolutionItems) = preProject
		..\build\Berger.Extensions.Resolver.yml = ..\build\Berger.Extensions.Resolver.yml
	EndProjectSection
EndProject
Global
	GlobalSection(SolutionConfigurationPlatforms) = preSolution
		Debug|Any CPU = Debug|Any CPU
		Release|Any CPU = Release|Any CPU
	EndGlobalSection
	GlobalSection(ProjectConfigurationPlatforms) = postSolution
		{6BE04933-50B2-4AC6-968E-4C3155FA9CE6}.Debug|Any CPU.ActiveCfg = Debug|Any CPU
		{6BE04933-50B2-4AC6-968E-4C3155FA9CE6}.Debug|Any CPU.Build.0 = Debug|Any CPU
		{6BE04933-50B2-4AC6-968E-4C3155FA9CE6}.Release|Any CPU.ActiveCfg = Release|Any CPU
		{6BE04933-50B2-4AC6-968E-4C3155FA9CE6}.Release|Any CPU.Build.0 = Release|Any CPU
	EndGlobalSection
	GlobalSection(SolutionProperties) = preSolution
		HideSolutionNode = FALSE
	EndGlobalSection
	GlobalSection(NestedProjects) = preSolution
		{6BE04933-50B2-4AC6-968E-4C3155FA9CE6} = {607D63D1-CC05-4C72-A37B-66713C53FF93}
	EndGlobalSection
	GlobalSection(ExtensibilityGlobals) = postSolution
		SolutionGuid = {cc4d714a-1660-4340-97e0-573100658e83}
	EndGlobalSection
EndGlobal
